
Microsoft Visual Studio Solution File, Format Version 12.00
# Visual Studio Version 17
VisualStudioVersion = 17.8.34525.116
MinimumVisualStudioVersion = 10.0.40219.1
Project("{FAE04EC0-301F-11D3-BF4B-00C04F79EFBC}") = "PatientRegistration", "PatientRegistration\PatientRegistration.csproj", "{67E162C5-59EF-45DD-AE1A-F0EF5091D698}"
EndProject
Global
	GlobalSection(SolutionConfigurationPlatforms) = preSolution
		Debug|Any CPU = Debug|Any CPU
		Release|Any CPU = Release|Any CPU
	EndGlobalSection
	GlobalSection(ProjectConfigurationPlatforms) = postSolution
		{67E162C5-59EF-45DD-AE1A-F0EF5091D698}.Debug|Any CPU.ActiveCfg = Debug|Any CPU
		{67E162C5-59EF-45DD-AE1A-F0EF5091D698}.Debug|Any CPU.Build.0 = Debug|Any CPU
		{67E162C5-59EF-45DD-AE1A-F0EF5091D698}.Release|Any CPU.ActiveCfg = Release|Any CPU
		{67E162C5-59EF-45DD-AE1A-F0EF5091D698}.Release|Any CPU.Build.0 = Release|Any CPU
	EndGlobalSection
	GlobalSection(SolutionProperties) = preSolution
		HideSolutionNode = FALSE
	EndGlobalSection
	GlobalSection(ExtensibilityGlobals) = postSolution
		SolutionGuid = {1F8A7F94-7E84-4CA1-AB96-CE49B5887705}
	EndGlobalSection
EndGlobal
